# This file is @generated by PDM.
# It is not intended for manual editing.

[metadata]
groups = ["default", "dev"]
strategy = ["inherit_metadata"]
lock_version = "4.5.0"
content_hash = "sha256:28c062039f35da2c01f039366a59d1297b7727d9d730d6348f9254f536429aea"

[[metadata.targets]]
requires_python = "==3.12.*"

[[package]]
name = "cfgv"
version = "3.5.0"
requires_python = ">=3.10"
summary = "Validate configuration and produce human readable error messages."
groups = ["dev"]
files = [
    {file = "cfgv-3.5.0-py2.py3-none-any.whl", hash = "sha256:a8dc6b26ad22ff227d2634a65cb388215ce6cc96bbcc5cfde7641ae87e8dacc0"},
    {file = "cfgv-3.5.0.tar.gz", hash = "sha256:d5b1034354820651caa73ede66a6294d6e95c1b00acc5e9b098e917404669132"},
]

[[package]]
name = "colorama"
version = "0.4.6"
requires_python = "!=3.0.*,!=3.1.*,!=3.2.*,!=3.3.*,!=3.4.*,!=3.5.*,!=3.6.*,>=2.7"
summary = "Cross-platform colored terminal text."
groups = ["default"]
marker = "sys_platform == \"win32\""
files = [
    {file = "colorama-0.4.6-py2.py3-none-any.whl", hash = "sha256:4f1d9991f5acc0ca119f9d443620b77f9d6b33703e51011c16baf57afb285fc6"},
    {file = "colorama-0.4.6.tar.gz", hash = "sha256:08695f5cb7ed6e0531a20572697297273c47b8cae5a63ffc6d6ed5c201be6e44"},
]

[[package]]
name = "distlib"
version = "0.4.0"
summary = "Distribution utilities"
groups = ["dev"]
files = [
    {file = "distlib-0.4.0-py2.py3-none-any.whl", hash = "sha256:9659f7d87e46584a30b5780e43ac7a2143098441670ff0a49d5f9034c54a6c16"},
    {file = "distlib-0.4.0.tar.gz", hash = "sha256:feec40075be03a04501a973d81f633735b4b69f98b05450592310c0f401a4e0d"},
]

[[package]]
name = "filelock"
version = "3.24.3"
requires_python = ">=3.10"
summary = "A platform independent file lock."
groups = ["dev"]
marker = "python_version >= \"3.10\""
files = [
    {file = "filelock-3.24.3-py3-none-any.whl", hash = "sha256:426e9a4660391f7f8a810d71b0555bce9008b0a1cc342ab1f6947d37639e002d"},
    {file = "filelock-3.24.3.tar.gz", hash = "sha256:011a5644dc937c22699943ebbfc46e969cdde3e171470a6e40b9533e5a72affa"},
]

[[package]]
name = "identify"
version = "2.6.16"
requires_python = ">=3.10"
summary = "File identification library for Python"
groups = ["dev"]
files = [
    {file = "identify-2.6.16-py2.py3-none-any.whl", hash = "sha256:391ee4d77741d994189522896270b787aed8670389bfd60f326d677d64a6dfb0"},
    {file = "identify-2.6.16.tar.gz", hash = "sha256:846857203b5511bbe94d5a352a48ef2359532bc8f6727b5544077a0dcfb24980"},
]

[[package]]
name = "iniconfig"
version = "2.1.0"
requires_python = ">=3.8"
summary = "brain-dead simple config-ini parsing"
groups = ["default"]
files = [
    {file = "iniconfig-2.1.0-py3-none-any.whl", hash = "sha256:9deba5723312380e77435581c6bf4935c94cbfab9b1ed33ef8d238ea168eb760"},
    {file = "iniconfig-2.1.0.tar.gz", hash = "sha256:3abbd2e30b36733fee78f9c7f7308f2d0050e88f0087fd25c2645f63c773e1c7"},
]

[[package]]
name = "nodeenv"
version = "1.10.0"
requires_python = "!=3.0.*,!=3.1.*,!=3.2.*,!=3.3.*,!=3.4.*,!=3.5.*,!=3.6.*,>=2.7"
summary = "Node.js virtual environment builder"
groups = ["dev"]
files = [
    {file = "nodeenv-1.10.0-py2.py3-none-any.whl", hash = "sha256:5bb13e3eed2923615535339b3c620e76779af4cb4c6a90deccc9e36b274d3827"},
    {file = "nodeenv-1.10.0.tar.gz", hash = "sha256:996c191ad80897d076bdfba80a41994c2b47c68e224c542b48feba42ba00f8bb"},
]

[[package]]
name = "packaging"
version = "25.0"
requires_python = ">=3.8"
summary = "Core utilities for Python packages"
groups = ["default"]
files = [
    {file = "packaging-25.0-py3-none-any.whl", hash = "sha256:29572ef2b1f17581046b3a2227d5c611fb25ec70ca1ba8554b24b0e69331a484"},
    {file = "packaging-25.0.tar.gz", hash = "sha256:d443872c98d677bf60f6a1f2f8c1cb748e8fe762d2bf9d3148b5599295b0fc4f"},
]

[[package]]
name = "platformdirs"
version = "4.9.2"
requires_python = ">=3.10"
summary = "A small Python package for determining appropriate platform-specific dirs, e.g. a `user data dir`."
groups = ["dev"]
files = [
    {file = "platformdirs-4.9.2-py3-none-any.whl", hash = "sha256:9170634f126f8efdae22fb58ae8a0eaa86f38365bc57897a6c4f781d1f5875bd"},
    {file = "platformdirs-4.9.2.tar.gz", hash = "sha256:9a33809944b9db043ad67ca0db94b14bf452cc6aeaac46a88ea55b26e2e9d291"},
]

[[package]]
name = "pluggy"
version = "1.6.0"
requires_python = ">=3.9"
summary = "plugin and hook calling mechanisms for python"
groups = ["default"]
files = [
    {file = "pluggy-1.6.0-py3-none-any.whl", hash = "sha256:e920276dd6813095e9377c0bc5566d94c932c33b27a3e3945d8389c374dd4746"},
    {file = "pluggy-1.6.0.tar.gz", hash = "sha256:7dcc130b76258d33b90f61b658791dede3486c3e6bfb003ee5c9bfb396dd22f3"},
]

[[package]]
name = "pre-commit"
version = "4.5.1"
requires_python = ">=3.10"
summary = "A framework for managing and maintaining multi-language pre-commit hooks."
groups = ["dev"]
dependencies = [
    "cfgv>=2.0.0",
    "identify>=1.0.0",
    "nodeenv>=0.11.1",
    "pyyaml>=5.1",
    "virtualenv>=20.10.0",
]
files = [
    {file = "pre_commit-4.5.1-py2.py3-none-any.whl", hash = "sha256:3b3afd891e97337708c1674210f8eba659b52a38ea5f822ff142d10786221f77"},
    {file = "pre_commit-4.5.1.tar.gz", hash = "sha256:eb545fcff725875197837263e977ea257a402056661f09dae08e4b149b030a61"},
]

[[package]]
name = "pygments"
version = "2.19.2"
requires_python = ">=3.8"
summary = "Pygments is a syntax highlighting package written in Python."
groups = ["default"]
files = [
    {file = "pygments-2.19.2-py3-none-any.whl", hash = "sha256:86540386c03d588bb81d44bc3928634ff26449851e99741617ecb9037ee5ec0b"},
    {file = "pygments-2.19.2.tar.gz", hash = "sha256:636cb2477cec7f8952536970bc533bc43743542f70392ae026374600add5b887"},
]

[[package]]
name = "pytest"
version = "8.4.1"
requires_python = ">=3.9"
summary = "pytest: simple powerful testing with Python"
groups = ["default"]
dependencies = [
    "colorama>=0.4; sys_platform == \"win32\"",
    "exceptiongroup>=1; python_version < \"3.11\"",
    "iniconfig>=1",
    "packaging>=20",
    "pluggy<2,>=1.5",
    "pygments>=2.7.2",
    "tomli>=1; python_version < \"3.11\"",
]
files = [
    {file = "pytest-8.4.1-py3-none-any.whl", hash = "sha256:539c70ba6fcead8e78eebbf1115e8b589e7565830d7d006a8723f19ac8a0afb7"},
    {file = "pytest-8.4.1.tar.gz", hash = "sha256:7c67fd69174877359ed9371ec3af8a3d2b04741818c51e5e99cc1742251fa93c"},
]

[[package]]
name = "pyyaml"
version = "6.0.3"
requires_python = ">=3.8"
summary = "YAML parser and emitter for Python"
groups = ["dev"]
files = [
    {file = "pyyaml-6.0.3-cp312-cp312-macosx_10_13_x86_64.whl", hash = "sha256:7f047e29dcae44602496db43be01ad42fc6f1cc0d8cd6c83d342306c32270196"},
    {file = "pyyaml-6.0.3-cp312-cp312-macosx_11_0_arm64.whl", hash = "sha256:fc09d0aa354569bc501d4e787133afc08552722d3ab34836a80547331bb5d4a0"},
    {file = "pyyaml-6.0.3-cp312-cp312-manylinux2014_aarch64.manylinux_2_17_aarch64.manylinux_2_28_aarch64.whl", hash = "sha256:9149cad251584d5fb4981be1ecde53a1ca46c891a79788c0df828d2f166bda28"},
    {file = "pyyaml-6.0.3-cp312-cp312-manylinux2014_s390x.manylinux_2_17_s390x.manylinux_2_28_s390x.whl", hash = "sha256:5fdec68f91a0c6739b380c83b951e2c72ac0197ace422360e6d5a959d8d97b2c"},
    {file = "pyyaml-6.0.3-cp312-cp312-manylinux2014_x86_64.manylinux_2_17_x86_64.manylinux_2_28_x86_64.whl", hash = "sha256:ba1cc08a7ccde2d2ec775841541641e4548226580ab850948cbfda66a1befcdc"},
    {file = "pyyaml-6.0.3-cp312-cp312-musllinux_1_2_aarch64.whl", hash = "sha256:8dc52c23056b9ddd46818a57b78404882310fb473d63f17b07d5c40421e47f8e"},
    {file = "pyyaml-6.0.3-cp312-cp312-musllinux_1_2_x86_64.whl", hash = "sha256:41715c910c881bc081f1e8872880d3c650acf13dfa8214bad49ed4cede7c34ea"},
    {file = "pyyaml-6.0.3-cp312-cp312-win32.whl", hash = "sha256:96b533f0e99f6579b3d4d4995707cf36df9100d67e0c8303a0c55b27b5f99bc5"},
    {file = "pyyaml-6.0.3-cp312-cp312-win_amd64.whl", hash = "sha256:5fcd34e47f6e0b794d17de1b4ff496c00986e1c83f7ab2fb8fcfe9616ff7477b"},
    {file = "pyyaml-6.0.3-cp312-cp312-win_arm64.whl", hash = "sha256:64386e5e707d03a7e172c0701abfb7e10f0fb753ee1d773128192742712a98fd"},
    {file = "pyyaml-6.0.3.tar.gz", hash = "sha256:d76623373421df22fb4cf8817020cbb7ef15c725b9d5e45f17e189bfc384190f"},
]

[[package]]
name = "virtualenv"
version = "20.38.0"
requires_python = ">=3.8"
summary = "Virtual Python Environment builder"
groups = ["dev"]
dependencies = [
    "distlib<1,>=0.3.7",
    "filelock<4,>=3.24.2; python_version >= \"3.10\"",
    "filelock<=3.19.1,>=3.16.1; python_version < \"3.10\"",
    "importlib-metadata>=6.6; python_version < \"3.8\"",
    "platformdirs<5,>=3.9.1",
    "typing-extensions>=4.13.2; python_version < \"3.11\"",
]
files = [
    {file = "virtualenv-20.38.0-py3-none-any.whl", hash = "sha256:d6e78e5889de3a4742df2d3d44e779366325a90cf356f15621fddace82431794"},
    {file = "virtualenv-20.38.0.tar.gz", hash = "sha256:94f39b1abaea5185bf7ea5a46702b56f1d0c9aa2f41a6c2b8b0af4ddc74c10a7"},
]
